// !$*UTF8*$!
{
	archiveVersion = 1;
	classes = {
	};
	objectVersion = 46;
	objects = {

/* Begin PBXBuildFile section */
		5770A48DB59B63CBBD52A5BD /* libPods-Mattermost.a in Frameworks */ = {isa = PBXBuildFile; fileRef = BA0529A0A68760E247CF5036 /* libPods-Mattermost.a */; };
		9B822F7AAD38800C5E462DE5 /* NSError+KGError.m in Sources */ = {isa = PBXBuildFile; fileRef = 9B822C537DAEB1629E36B183 /* NSError+KGError.m */; };
		D696F7761D060FDD008341AF /* main.m in Sources */ = {isa = PBXBuildFile; fileRef = D696F7751D060FDD008341AF /* main.m */; };
		D696F7791D060FDD008341AF /* KGAppDelegate.m in Sources */ = {isa = PBXBuildFile; fileRef = D696F7781D060FDD008341AF /* KGAppDelegate.m */; };
		D696F7821D060FDD008341AF /* Mattermost.xcdatamodeld in Sources */ = {isa = PBXBuildFile; fileRef = D696F7801D060FDD008341AF /* Mattermost.xcdatamodeld */; };
		D696F7841D060FDD008341AF /* Assets.xcassets in Resources */ = {isa = PBXBuildFile; fileRef = D696F7831D060FDD008341AF /* Assets.xcassets */; };
		D696F7871D060FDD008341AF /* LaunchScreen.storyboard in Resources */ = {isa = PBXBuildFile; fileRef = D696F7851D060FDD008341AF /* LaunchScreen.storyboard */; };
		D696F7951D0612E4008341AF /* KGCurrency.m in Sources */ = {isa = PBXBuildFile; fileRef = D696F7941D0612E4008341AF /* KGCurrency.m */; };
		D696F7981D0612F2008341AF /* _KGCurrency.m in Sources */ = {isa = PBXBuildFile; fileRef = D696F7971D0612F2008341AF /* _KGCurrency.m */; };
		D696F79C1D061331008341AF /* KGBusinessLogic.m in Sources */ = {isa = PBXBuildFile; fileRef = D696F79B1D061331008341AF /* KGBusinessLogic.m */; };
		D696F7A11D0614EF008341AF /* KGManagedObject.m in Sources */ = {isa = PBXBuildFile; fileRef = D696F79F1D0614EF008341AF /* KGManagedObject.m */; };
		D696F7A51D0615D5008341AF /* KGError.m in Sources */ = {isa = PBXBuildFile; fileRef = D696F7A41D0615D5008341AF /* KGError.m */; };
		D6C154C11D074E4400B053CE /* OpenSans-Semibold.ttf in Resources */ = {isa = PBXBuildFile; fileRef = D6C154C01D074E4400B053CE /* OpenSans-Semibold.ttf */; };
		D6FFFA681D073553009B6199 /* Login.storyboard in Resources */ = {isa = PBXBuildFile; fileRef = D6FFFA671D073553009B6199 /* Login.storyboard */; };
		D6FFFA711D0738AB009B6199 /* UIFont+KGPreparedFont.m in Sources */ = {isa = PBXBuildFile; fileRef = D6FFFA701D0738AB009B6199 /* UIFont+KGPreparedFont.m */; };
		D6FFFA771D073F40009B6199 /* KGViewController.m in Sources */ = {isa = PBXBuildFile; fileRef = D6FFFA761D073F40009B6199 /* KGViewController.m */; };
		D6FFFA7D1D073FB8009B6199 /* KGServerUrlViewController.m in Sources */ = {isa = PBXBuildFile; fileRef = D6FFFA7C1D073FB8009B6199 /* KGServerUrlViewController.m */; };
		D6FFFA801D073FC5009B6199 /* KGLoginViewController.m in Sources */ = {isa = PBXBuildFile; fileRef = D6FFFA7F1D073FC5009B6199 /* KGLoginViewController.m */; };
		D6FFFA841D074024009B6199 /* KGNavigationController.m in Sources */ = {isa = PBXBuildFile; fileRef = D6FFFA831D074024009B6199 /* KGNavigationController.m */; };
		D6FFFA881D074046009B6199 /* KGLoginNavigationController.m in Sources */ = {isa = PBXBuildFile; fileRef = D6FFFA871D074046009B6199 /* KGLoginNavigationController.m */; };
		D6FFFA8C1D074167009B6199 /* KGButton.m in Sources */ = {isa = PBXBuildFile; fileRef = D6FFFA8B1D074167009B6199 /* KGButton.m */; };
		D6FFFA901D074458009B6199 /* UIColor+KGPreparedColor.m in Sources */ = {isa = PBXBuildFile; fileRef = D6FFFA8F1D074458009B6199 /* UIColor+KGPreparedColor.m */; };
		D6FFFA911D074665009B6199 /* OpenSans-Bold.ttf in Resources */ = {isa = PBXBuildFile; fileRef = D6FFFA6A1D0737D0009B6199 /* OpenSans-Bold.ttf */; };
		D6FFFA931D0746EF009B6199 /* OpenSans-Light.ttf in Resources */ = {isa = PBXBuildFile; fileRef = D6FFFA6B1D0737DA009B6199 /* OpenSans-Light.ttf */; };
		D6FFFA941D0746F3009B6199 /* OpenSans-Regular.ttf in Resources */ = {isa = PBXBuildFile; fileRef = D6FFFA6C1D0737E2009B6199 /* OpenSans-Regular.ttf */; };
		D6FFFA971D074C33009B6199 /* Info.plist in Resources */ = {isa = PBXBuildFile; fileRef = D696F7881D060FDD008341AF /* Info.plist */; };
		D8B428F01D06DFE6008BF955 /* KGTeam.m in Sources */ = {isa = PBXBuildFile; fileRef = D8B428ED1D06DFE6008BF955 /* KGTeam.m */; };
		D8B428F11D06DFE6008BF955 /* KGUser.m in Sources */ = {isa = PBXBuildFile; fileRef = D8B428EF1D06DFE6008BF955 /* KGUser.m */; };
		D8B428F61D06DFED008BF955 /* _KGTeam.m in Sources */ = {isa = PBXBuildFile; fileRef = D8B428F31D06DFED008BF955 /* _KGTeam.m */; };
		D8B428F71D06DFED008BF955 /* _KGUser.m in Sources */ = {isa = PBXBuildFile; fileRef = D8B428F51D06DFED008BF955 /* _KGUser.m */; };
		D8B428FA1D06E09F008BF955 /* KGBusinessLogic+Session.m in Sources */ = {isa = PBXBuildFile; fileRef = D8B428F91D06E09F008BF955 /* KGBusinessLogic+Session.m */; };
		D8B429001D07030D008BF955 /* _KGBaseEntity.m in Sources */ = {isa = PBXBuildFile; fileRef = D8B428FF1D07030D008BF955 /* _KGBaseEntity.m */; };
		D8B429041D0712B5008BF955 /* RKResponseDescriptor+Runtime.m in Sources */ = {isa = PBXBuildFile; fileRef = D8B429031D0712B5008BF955 /* RKResponseDescriptor+Runtime.m */; };
		D8B4290C1D0713F1008BF955 /* NSObject+MethodDump.m in Sources */ = {isa = PBXBuildFile; fileRef = D8B4290B1D0713F1008BF955 /* NSObject+MethodDump.m */; };
		D8B429101D071776008BF955 /* RKRequestDescriptor+Runtime.m in Sources */ = {isa = PBXBuildFile; fileRef = D8B4290F1D071776008BF955 /* RKRequestDescriptor+Runtime.m */; };
		D8B429161D071969008BF955 /* KGConstants.m in Sources */ = {isa = PBXBuildFile; fileRef = D8B429151D071969008BF955 /* KGConstants.m */; };
/* End PBXBuildFile section */

/* Begin PBXFileReference section */
		2C24A40AEDEF9607FD9E5FA2 /* Pods-Mattermost.debug.xcconfig */ = {isa = PBXFileReference; includeInIndex = 1; lastKnownFileType = text.xcconfig; name = "Pods-Mattermost.debug.xcconfig"; path = "Pods/Target Support Files/Pods-Mattermost/Pods-Mattermost.debug.xcconfig"; sourceTree = "<group>"; };
		544CBF06C8ECB7748DDA6E2B /* Pods-Mattermost.release.xcconfig */ = {isa = PBXFileReference; includeInIndex = 1; lastKnownFileType = text.xcconfig; name = "Pods-Mattermost.release.xcconfig"; path = "Pods/Target Support Files/Pods-Mattermost/Pods-Mattermost.release.xcconfig"; sourceTree = "<group>"; };
		9B8229629554C9C159E8BC63 /* NSError+KGError.h */ = {isa = PBXFileReference; fileEncoding = 4; lastKnownFileType = sourcecode.c.h; path = "NSError+KGError.h"; sourceTree = "<group>"; };
		9B822C537DAEB1629E36B183 /* NSError+KGError.m */ = {isa = PBXFileReference; fileEncoding = 4; lastKnownFileType = sourcecode.c.objc; path = "NSError+KGError.m"; sourceTree = "<group>"; };
		9B822E11B8EFD2FD0DCDD7CD /* _KGBaseEntity.h */ = {isa = PBXFileReference; fileEncoding = 4; lastKnownFileType = sourcecode.c.h; path = _KGBaseEntity.h; sourceTree = "<group>"; };
		BA0529A0A68760E247CF5036 /* libPods-Mattermost.a */ = {isa = PBXFileReference; explicitFileType = archive.ar; includeInIndex = 0; path = "libPods-Mattermost.a"; sourceTree = BUILT_PRODUCTS_DIR; };
		D696F7711D060FDD008341AF /* Mattermost.app */ = {isa = PBXFileReference; explicitFileType = wrapper.application; includeInIndex = 0; path = Mattermost.app; sourceTree = BUILT_PRODUCTS_DIR; };
		D696F7751D060FDD008341AF /* main.m */ = {isa = PBXFileReference; lastKnownFileType = sourcecode.c.objc; path = main.m; sourceTree = "<group>"; };
		D696F7771D060FDD008341AF /* KGAppDelegate.h */ = {isa = PBXFileReference; lastKnownFileType = sourcecode.c.h; path = KGAppDelegate.h; sourceTree = "<group>"; };
		D696F7781D060FDD008341AF /* KGAppDelegate.m */ = {isa = PBXFileReference; lastKnownFileType = sourcecode.c.objc; path = KGAppDelegate.m; sourceTree = "<group>"; };
		D696F7811D060FDD008341AF /* Mattermost.xcdatamodel */ = {isa = PBXFileReference; lastKnownFileType = wrapper.xcdatamodel; path = Mattermost.xcdatamodel; sourceTree = "<group>"; };
		D696F7831D060FDD008341AF /* Assets.xcassets */ = {isa = PBXFileReference; lastKnownFileType = folder.assetcatalog; path = Assets.xcassets; sourceTree = "<group>"; };
		D696F7861D060FDD008341AF /* Base */ = {isa = PBXFileReference; lastKnownFileType = file.storyboard; name = Base; path = Base.lproj/LaunchScreen.storyboard; sourceTree = "<group>"; };
		D696F7881D060FDD008341AF /* Info.plist */ = {isa = PBXFileReference; lastKnownFileType = text.plist.xml; path = Info.plist; sourceTree = "<group>"; };
		D696F7931D0612E4008341AF /* KGCurrency.h */ = {isa = PBXFileReference; fileEncoding = 4; lastKnownFileType = sourcecode.c.h; path = KGCurrency.h; sourceTree = "<group>"; };
		D696F7941D0612E4008341AF /* KGCurrency.m */ = {isa = PBXFileReference; fileEncoding = 4; lastKnownFileType = sourcecode.c.objc; path = KGCurrency.m; sourceTree = "<group>"; };
		D696F7961D0612EA008341AF /* _KGCurrency.h */ = {isa = PBXFileReference; lastKnownFileType = sourcecode.c.h; path = _KGCurrency.h; sourceTree = "<group>"; };
		D696F7971D0612F2008341AF /* _KGCurrency.m */ = {isa = PBXFileReference; fileEncoding = 4; lastKnownFileType = sourcecode.c.objc; path = _KGCurrency.m; sourceTree = "<group>"; };
		D696F79A1D061331008341AF /* KGBusinessLogic.h */ = {isa = PBXFileReference; fileEncoding = 4; lastKnownFileType = sourcecode.c.h; path = KGBusinessLogic.h; sourceTree = "<group>"; };
		D696F79B1D061331008341AF /* KGBusinessLogic.m */ = {isa = PBXFileReference; fileEncoding = 4; lastKnownFileType = sourcecode.c.objc; path = KGBusinessLogic.m; sourceTree = "<group>"; };
		D696F79F1D0614EF008341AF /* KGManagedObject.m */ = {isa = PBXFileReference; fileEncoding = 4; lastKnownFileType = sourcecode.c.objc; path = KGManagedObject.m; sourceTree = "<group>"; };
		D696F7A01D0614EF008341AF /* KGManagedObject.h */ = {isa = PBXFileReference; fileEncoding = 4; lastKnownFileType = sourcecode.c.h; path = KGManagedObject.h; sourceTree = "<group>"; };
		D696F7A31D0615D5008341AF /* KGError.h */ = {isa = PBXFileReference; fileEncoding = 4; lastKnownFileType = sourcecode.c.h; path = KGError.h; sourceTree = "<group>"; };
		D696F7A41D0615D5008341AF /* KGError.m */ = {isa = PBXFileReference; fileEncoding = 4; lastKnownFileType = sourcecode.c.objc; path = KGError.m; sourceTree = "<group>"; };
		D6C154C01D074E4400B053CE /* OpenSans-Semibold.ttf */ = {isa = PBXFileReference; lastKnownFileType = file; path = "OpenSans-Semibold.ttf"; sourceTree = "<group>"; };
		D6FFFA671D073553009B6199 /* Login.storyboard */ = {isa = PBXFileReference; fileEncoding = 4; lastKnownFileType = file.storyboard; path = Login.storyboard; sourceTree = "<group>"; };
		D6FFFA6A1D0737D0009B6199 /* OpenSans-Bold.ttf */ = {isa = PBXFileReference; lastKnownFileType = file; path = "OpenSans-Bold.ttf"; sourceTree = "<group>"; };
		D6FFFA6B1D0737DA009B6199 /* OpenSans-Light.ttf */ = {isa = PBXFileReference; lastKnownFileType = file; path = "OpenSans-Light.ttf"; sourceTree = "<group>"; };
		D6FFFA6C1D0737E2009B6199 /* OpenSans-Regular.ttf */ = {isa = PBXFileReference; lastKnownFileType = file; path = "OpenSans-Regular.ttf"; sourceTree = "<group>"; };
		D6FFFA6F1D0738AB009B6199 /* UIFont+KGPreparedFont.h */ = {isa = PBXFileReference; fileEncoding = 4; lastKnownFileType = sourcecode.c.h; path = "UIFont+KGPreparedFont.h"; sourceTree = "<group>"; };
		D6FFFA701D0738AB009B6199 /* UIFont+KGPreparedFont.m */ = {isa = PBXFileReference; fileEncoding = 4; lastKnownFileType = sourcecode.c.objc; path = "UIFont+KGPreparedFont.m"; sourceTree = "<group>"; };
		D6FFFA731D073B08009B6199 /* KGUtils.h */ = {isa = PBXFileReference; lastKnownFileType = sourcecode.c.h; path = KGUtils.h; sourceTree = "<group>"; };
		D6FFFA751D073F40009B6199 /* KGViewController.h */ = {isa = PBXFileReference; fileEncoding = 4; lastKnownFileType = sourcecode.c.h; path = KGViewController.h; sourceTree = "<group>"; };
		D6FFFA761D073F40009B6199 /* KGViewController.m */ = {isa = PBXFileReference; fileEncoding = 4; lastKnownFileType = sourcecode.c.objc; path = KGViewController.m; sourceTree = "<group>"; };
		D6FFFA7B1D073FB8009B6199 /* KGServerUrlViewController.h */ = {isa = PBXFileReference; fileEncoding = 4; lastKnownFileType = sourcecode.c.h; path = KGServerUrlViewController.h; sourceTree = "<group>"; };
		D6FFFA7C1D073FB8009B6199 /* KGServerUrlViewController.m */ = {isa = PBXFileReference; fileEncoding = 4; lastKnownFileType = sourcecode.c.objc; path = KGServerUrlViewController.m; sourceTree = "<group>"; };
		D6FFFA7E1D073FC5009B6199 /* KGLoginViewController.h */ = {isa = PBXFileReference; fileEncoding = 4; lastKnownFileType = sourcecode.c.h; path = KGLoginViewController.h; sourceTree = "<group>"; };
		D6FFFA7F1D073FC5009B6199 /* KGLoginViewController.m */ = {isa = PBXFileReference; fileEncoding = 4; lastKnownFileType = sourcecode.c.objc; path = KGLoginViewController.m; sourceTree = "<group>"; };
		D6FFFA821D074024009B6199 /* KGNavigationController.h */ = {isa = PBXFileReference; fileEncoding = 4; lastKnownFileType = sourcecode.c.h; path = KGNavigationController.h; sourceTree = "<group>"; };
		D6FFFA831D074024009B6199 /* KGNavigationController.m */ = {isa = PBXFileReference; fileEncoding = 4; lastKnownFileType = sourcecode.c.objc; path = KGNavigationController.m; sourceTree = "<group>"; };
		D6FFFA861D074046009B6199 /* KGLoginNavigationController.h */ = {isa = PBXFileReference; fileEncoding = 4; lastKnownFileType = sourcecode.c.h; path = KGLoginNavigationController.h; sourceTree = "<group>"; };
		D6FFFA871D074046009B6199 /* KGLoginNavigationController.m */ = {isa = PBXFileReference; fileEncoding = 4; lastKnownFileType = sourcecode.c.objc; path = KGLoginNavigationController.m; sourceTree = "<group>"; };
		D6FFFA8A1D074167009B6199 /* KGButton.h */ = {isa = PBXFileReference; fileEncoding = 4; lastKnownFileType = sourcecode.c.h; path = KGButton.h; sourceTree = "<group>"; };
		D6FFFA8B1D074167009B6199 /* KGButton.m */ = {isa = PBXFileReference; fileEncoding = 4; lastKnownFileType = sourcecode.c.objc; path = KGButton.m; sourceTree = "<group>"; };
		D6FFFA8E1D074458009B6199 /* UIColor+KGPreparedColor.h */ = {isa = PBXFileReference; fileEncoding = 4; lastKnownFileType = sourcecode.c.h; path = "UIColor+KGPreparedColor.h"; sourceTree = "<group>"; };
		D6FFFA8F1D074458009B6199 /* UIColor+KGPreparedColor.m */ = {isa = PBXFileReference; fileEncoding = 4; lastKnownFileType = sourcecode.c.objc; path = "UIColor+KGPreparedColor.m"; sourceTree = "<group>"; };
		D8B428EC1D06DFE6008BF955 /* KGTeam.h */ = {isa = PBXFileReference; fileEncoding = 4; lastKnownFileType = sourcecode.c.h; path = KGTeam.h; sourceTree = "<group>"; };
		D8B428ED1D06DFE6008BF955 /* KGTeam.m */ = {isa = PBXFileReference; fileEncoding = 4; lastKnownFileType = sourcecode.c.objc; path = KGTeam.m; sourceTree = "<group>"; };
		D8B428EE1D06DFE6008BF955 /* KGUser.h */ = {isa = PBXFileReference; fileEncoding = 4; lastKnownFileType = sourcecode.c.h; path = KGUser.h; sourceTree = "<group>"; };
		D8B428EF1D06DFE6008BF955 /* KGUser.m */ = {isa = PBXFileReference; fileEncoding = 4; lastKnownFileType = sourcecode.c.objc; path = KGUser.m; sourceTree = "<group>"; };
		D8B428F21D06DFED008BF955 /* _KGTeam.h */ = {isa = PBXFileReference; fileEncoding = 4; lastKnownFileType = sourcecode.c.h; path = _KGTeam.h; sourceTree = "<group>"; };
		D8B428F31D06DFED008BF955 /* _KGTeam.m */ = {isa = PBXFileReference; fileEncoding = 4; lastKnownFileType = sourcecode.c.objc; path = _KGTeam.m; sourceTree = "<group>"; };
		D8B428F41D06DFED008BF955 /* _KGUser.h */ = {isa = PBXFileReference; fileEncoding = 4; lastKnownFileType = sourcecode.c.h; path = _KGUser.h; sourceTree = "<group>"; };
		D8B428F51D06DFED008BF955 /* _KGUser.m */ = {isa = PBXFileReference; fileEncoding = 4; lastKnownFileType = sourcecode.c.objc; path = _KGUser.m; sourceTree = "<group>"; };
		D8B428F81D06E09F008BF955 /* KGBusinessLogic+Session.h */ = {isa = PBXFileReference; fileEncoding = 4; lastKnownFileType = sourcecode.c.h; path = "KGBusinessLogic+Session.h"; sourceTree = "<group>"; };
		D8B428F91D06E09F008BF955 /* KGBusinessLogic+Session.m */ = {isa = PBXFileReference; fileEncoding = 4; lastKnownFileType = sourcecode.c.objc; path = "KGBusinessLogic+Session.m"; sourceTree = "<group>"; };
		D8B428FF1D07030D008BF955 /* _KGBaseEntity.m */ = {isa = PBXFileReference; fileEncoding = 4; lastKnownFileType = sourcecode.c.objc; path = _KGBaseEntity.m; sourceTree = "<group>"; };
		D8B429021D0712B5008BF955 /* RKResponseDescriptor+Runtime.h */ = {isa = PBXFileReference; fileEncoding = 4; lastKnownFileType = sourcecode.c.h; path = "RKResponseDescriptor+Runtime.h"; sourceTree = "<group>"; };
		D8B429031D0712B5008BF955 /* RKResponseDescriptor+Runtime.m */ = {isa = PBXFileReference; fileEncoding = 4; lastKnownFileType = sourcecode.c.objc; path = "RKResponseDescriptor+Runtime.m"; sourceTree = "<group>"; };
		D8B4290A1D0713F1008BF955 /* NSObject+MethodDump.h */ = {isa = PBXFileReference; fileEncoding = 4; lastKnownFileType = sourcecode.c.h; path = "NSObject+MethodDump.h"; sourceTree = "<group>"; };
		D8B4290B1D0713F1008BF955 /* NSObject+MethodDump.m */ = {isa = PBXFileReference; fileEncoding = 4; lastKnownFileType = sourcecode.c.objc; path = "NSObject+MethodDump.m"; sourceTree = "<group>"; };
		D8B4290E1D071776008BF955 /* RKRequestDescriptor+Runtime.h */ = {isa = PBXFileReference; fileEncoding = 4; lastKnownFileType = sourcecode.c.h; path = "RKRequestDescriptor+Runtime.h"; sourceTree = "<group>"; };
		D8B4290F1D071776008BF955 /* RKRequestDescriptor+Runtime.m */ = {isa = PBXFileReference; fileEncoding = 4; lastKnownFileType = sourcecode.c.objc; path = "RKRequestDescriptor+Runtime.m"; sourceTree = "<group>"; };
		D8B429141D071969008BF955 /* KGConstants.h */ = {isa = PBXFileReference; fileEncoding = 4; lastKnownFileType = sourcecode.c.h; path = KGConstants.h; sourceTree = "<group>"; };
		D8B429151D071969008BF955 /* KGConstants.m */ = {isa = PBXFileReference; fileEncoding = 4; lastKnownFileType = sourcecode.c.objc; path = KGConstants.m; sourceTree = "<group>"; };
/* End PBXFileReference section */

/* Begin PBXFrameworksBuildPhase section */
		D696F76E1D060FDD008341AF /* Frameworks */ = {
			isa = PBXFrameworksBuildPhase;
			buildActionMask = 2147483647;
			files = (
				5770A48DB59B63CBBD52A5BD /* libPods-Mattermost.a in Frameworks */,
			);
			runOnlyForDeploymentPostprocessing = 0;
		};
/* End PBXFrameworksBuildPhase section */

/* Begin PBXGroup section */
		1F7A9C62E9AB6C45AE424260 /* Frameworks */ = {
			isa = PBXGroup;
			children = (
				BA0529A0A68760E247CF5036 /* libPods-Mattermost.a */,
			);
			name = Frameworks;
			sourceTree = "<group>";
		};
		9B8229E81C4A960156D4C50F /* NSError */ = {
			isa = PBXGroup;
			children = (
				9B8229629554C9C159E8BC63 /* NSError+KGError.h */,
				9B822C537DAEB1629E36B183 /* NSError+KGError.m */,
			);
			path = NSError;
			sourceTree = "<group>";
		};
		9B822B986A41E5765DB8CD58 /* Categories */ = {
			isa = PBXGroup;
			children = (
				D6FFFA8D1D07443F009B6199 /* UIColor */,
				9B8229E81C4A960156D4C50F /* NSError */,
				D8B429111D0717FB008BF955 /* NSObject */,
				D8B4290D1D071764008BF955 /* RKRequestDescriptor */,
				D8B429011D071290008BF955 /* RKResponseDescriptor */,
				D6FFFA6E1D07389A009B6199 /* UIFont */,
			);
			path = Categories;
			sourceTree = "<group>";
		};
		BA14FEE23A0344239A72E444 /* Pods */ = {
			isa = PBXGroup;
			children = (
				2C24A40AEDEF9607FD9E5FA2 /* Pods-Mattermost.debug.xcconfig */,
				544CBF06C8ECB7748DDA6E2B /* Pods-Mattermost.release.xcconfig */,
			);
			name = Pods;
			sourceTree = "<group>";
		};
		D696F7681D060FDD008341AF = {
			isa = PBXGroup;
			children = (
				1F7A9C62E9AB6C45AE424260 /* Frameworks */,
				D696F7731D060FDD008341AF /* Mattermost */,
				BA14FEE23A0344239A72E444 /* Pods */,
				D696F7721D060FDD008341AF /* Products */,
			);
			sourceTree = "<group>";
		};
		D696F7721D060FDD008341AF /* Products */ = {
			isa = PBXGroup;
			children = (
				D696F7711D060FDD008341AF /* Mattermost.app */,
			);
			name = Products;
			sourceTree = "<group>";
		};
		D696F7731D060FDD008341AF /* Mattermost */ = {
			isa = PBXGroup;
			children = (
				D696F7901D061107008341AF /* AppDelegate */,
				D696F7991D061301008341AF /* BusinessLogic */,
				9B822B986A41E5765DB8CD58 /* Categories */,
				D6FFFA721D073AD7009B6199 /* Helpers */,
				D696F78F1D061099008341AF /* Model */,
				D6AA864A1D0693EF003DF669 /* NavigationControllers */,
				D696F79E1D061368008341AF /* Resources */,
				D696F79D1D061340008341AF /* Storyboards */,
				D696F7741D060FDD008341AF /* Supporting Files */,
				D8B429121D071846008BF955 /* Utils */,
				D6AA86491D0693D9003DF669 /* ViewControllers */,
				D6AA864B1D069400003DF669 /* Views */,
			);
			path = Mattermost;
			sourceTree = "<group>";
		};
		D696F7741D060FDD008341AF /* Supporting Files */ = {
			isa = PBXGroup;
			children = (
				D696F7751D060FDD008341AF /* main.m */,
			);
			path = "Supporting Files";
			sourceTree = "<group>";
		};
		D696F78F1D061099008341AF /* Model */ = {
			isa = PBXGroup;
			children = (
				D696F7911D06121D008341AF /* Human */,
				D696F7921D061226008341AF /* Machine */,
				D696F7801D060FDD008341AF /* Mattermost.xcdatamodeld */,
			);
			path = Model;
			sourceTree = "<group>";
		};
		D696F7901D061107008341AF /* AppDelegate */ = {
			isa = PBXGroup;
			children = (
				D696F7771D060FDD008341AF /* KGAppDelegate.h */,
				D696F7781D060FDD008341AF /* KGAppDelegate.m */,
			);
			path = AppDelegate;
			sourceTree = "<group>";
		};
		D696F7911D06121D008341AF /* Human */ = {
			isa = PBXGroup;
			children = (
				D696F7931D0612E4008341AF /* KGCurrency.h */,
				D696F7941D0612E4008341AF /* KGCurrency.m */,
				D696F7A01D0614EF008341AF /* KGManagedObject.h */,
				D696F79F1D0614EF008341AF /* KGManagedObject.m */,
				D8B428EC1D06DFE6008BF955 /* KGTeam.h */,
				D8B428ED1D06DFE6008BF955 /* KGTeam.m */,
				D8B428EE1D06DFE6008BF955 /* KGUser.h */,
				D8B428EF1D06DFE6008BF955 /* KGUser.m */,
			);
			path = Human;
			sourceTree = "<group>";
		};
		D696F7921D061226008341AF /* Machine */ = {
			isa = PBXGroup;
			children = (
				9B822E11B8EFD2FD0DCDD7CD /* _KGBaseEntity.h */,
				D8B428FF1D07030D008BF955 /* _KGBaseEntity.m */,
				D696F7961D0612EA008341AF /* _KGCurrency.h */,
				D696F7971D0612F2008341AF /* _KGCurrency.m */,
				D8B428F21D06DFED008BF955 /* _KGTeam.h */,
				D8B428F31D06DFED008BF955 /* _KGTeam.m */,
				D8B428F41D06DFED008BF955 /* _KGUser.h */,
				D8B428F51D06DFED008BF955 /* _KGUser.m */,
			);
			path = Machine;
			sourceTree = "<group>";
		};
		D696F7991D061301008341AF /* BusinessLogic */ = {
			isa = PBXGroup;
			children = (
				D696F7A21D0615C2008341AF /* Error */,
				D8B429171D07330D008BF955 /* Session */,
				D696F79A1D061331008341AF /* KGBusinessLogic.h */,
				D696F79B1D061331008341AF /* KGBusinessLogic.m */,
			);
			path = BusinessLogic;
			sourceTree = "<group>";
		};
		D696F79D1D061340008341AF /* Storyboards */ = {
			isa = PBXGroup;
			children = (
				D6FFFA671D073553009B6199 /* Login.storyboard */,
			);
			path = Storyboards;
			sourceTree = "<group>";
		};
		D696F79E1D061368008341AF /* Resources */ = {
			isa = PBXGroup;
			children = (
				D6FFFA691D073785009B6199 /* Fonts */,
				D696F7831D060FDD008341AF /* Assets.xcassets */,
				D696F7881D060FDD008341AF /* Info.plist */,
				D696F7851D060FDD008341AF /* LaunchScreen.storyboard */,
			);
			path = Resources;
			sourceTree = "<group>";
		};
		D696F7A21D0615C2008341AF /* Error */ = {
			isa = PBXGroup;
			children = (
				D696F7A31D0615D5008341AF /* KGError.h */,
				D696F7A41D0615D5008341AF /* KGError.m */,
			);
			path = Error;
			sourceTree = "<group>";
		};
		D6AA86491D0693D9003DF669 /* ViewControllers */ = {
			isa = PBXGroup;
			children = (
				D6FFFA741D073F23009B6199 /* Base */,
				D6FFFA781D073F4B009B6199 /* Login */,
			);
			path = ViewControllers;
			sourceTree = "<group>";
		};
		D6AA864A1D0693EF003DF669 /* NavigationControllers */ = {
			isa = PBXGroup;
			children = (
				D6FFFA811D07400A009B6199 /* Base */,
				D6FFFA851D074028009B6199 /* Login */,
			);
			path = NavigationControllers;
			sourceTree = "<group>";
		};
		D6AA864B1D069400003DF669 /* Views */ = {
			isa = PBXGroup;
			children = (
				D6FFFA891D074109009B6199 /* Buttons */,
			);
			path = Views;
			sourceTree = "<group>";
		};
		D6FFFA691D073785009B6199 /* Fonts */ = {
			isa = PBXGroup;
			children = (
				D6C154C01D074E4400B053CE /* OpenSans-Semibold.ttf */,
				D6FFFA6A1D0737D0009B6199 /* OpenSans-Bold.ttf */,
				D6FFFA6B1D0737DA009B6199 /* OpenSans-Light.ttf */,
				D6FFFA6C1D0737E2009B6199 /* OpenSans-Regular.ttf */,
			);
			path = Fonts;
			sourceTree = "<group>";
		};
		D6FFFA6E1D07389A009B6199 /* UIFont */ = {
			isa = PBXGroup;
			children = (
				D6FFFA6F1D0738AB009B6199 /* UIFont+KGPreparedFont.h */,
				D6FFFA701D0738AB009B6199 /* UIFont+KGPreparedFont.m */,
			);
			path = UIFont;
			sourceTree = "<group>";
		};
		D6FFFA721D073AD7009B6199 /* Helpers */ = {
			isa = PBXGroup;
			children = (
				D6FFFA731D073B08009B6199 /* KGUtils.h */,
			);
			path = Helpers;
			sourceTree = "<group>";
		};
		D6FFFA741D073F23009B6199 /* Base */ = {
			isa = PBXGroup;
			children = (
				D6FFFA751D073F40009B6199 /* KGViewController.h */,
				D6FFFA761D073F40009B6199 /* KGViewController.m */,
			);
			path = Base;
			sourceTree = "<group>";
		};
		D6FFFA781D073F4B009B6199 /* Login */ = {
			isa = PBXGroup;
			children = (
				D6FFFA7A1D073F5E009B6199 /* Login */,
				D6FFFA791D073F51009B6199 /* ServerUrl */,
			);
			path = Login;
			sourceTree = "<group>";
		};
		D6FFFA791D073F51009B6199 /* ServerUrl */ = {
			isa = PBXGroup;
			children = (
				D6FFFA7B1D073FB8009B6199 /* KGServerUrlViewController.h */,
				D6FFFA7C1D073FB8009B6199 /* KGServerUrlViewController.m */,
			);
			path = ServerUrl;
			sourceTree = "<group>";
		};
		D6FFFA7A1D073F5E009B6199 /* Login */ = {
			isa = PBXGroup;
			children = (
				D6FFFA7E1D073FC5009B6199 /* KGLoginViewController.h */,
				D6FFFA7F1D073FC5009B6199 /* KGLoginViewController.m */,
			);
			path = Login;
			sourceTree = "<group>";
		};
		D6FFFA811D07400A009B6199 /* Base */ = {
			isa = PBXGroup;
			children = (
				D6FFFA821D074024009B6199 /* KGNavigationController.h */,
				D6FFFA831D074024009B6199 /* KGNavigationController.m */,
			);
			path = Base;
			sourceTree = "<group>";
		};
		D6FFFA851D074028009B6199 /* Login */ = {
			isa = PBXGroup;
			children = (
				D6FFFA861D074046009B6199 /* KGLoginNavigationController.h */,
				D6FFFA871D074046009B6199 /* KGLoginNavigationController.m */,
			);
			path = Login;
			sourceTree = "<group>";
		};
		D6FFFA891D074109009B6199 /* Buttons */ = {
			isa = PBXGroup;
			children = (
				D6FFFA8A1D074167009B6199 /* KGButton.h */,
				D6FFFA8B1D074167009B6199 /* KGButton.m */,
			);
			path = Buttons;
			sourceTree = "<group>";
		};
		D6FFFA8D1D07443F009B6199 /* UIColor */ = {
			isa = PBXGroup;
			children = (
				D6FFFA8E1D074458009B6199 /* UIColor+KGPreparedColor.h */,
				D6FFFA8F1D074458009B6199 /* UIColor+KGPreparedColor.m */,
			);
			name = UIColor;
			sourceTree = "<group>";
		};
		D8B429011D071290008BF955 /* RKResponseDescriptor */ = {
			isa = PBXGroup;
			children = (
				D8B429021D0712B5008BF955 /* RKResponseDescriptor+Runtime.h */,
				D8B429031D0712B5008BF955 /* RKResponseDescriptor+Runtime.m */,
			);
			path = RKResponseDescriptor;
			sourceTree = "<group>";
		};
		D8B4290D1D071764008BF955 /* RKRequestDescriptor */ = {
			isa = PBXGroup;
			children = (
				D8B4290E1D071776008BF955 /* RKRequestDescriptor+Runtime.h */,
				D8B4290F1D071776008BF955 /* RKRequestDescriptor+Runtime.m */,
			);
			path = RKRequestDescriptor;
			sourceTree = "<group>";
		};
		D8B429111D0717FB008BF955 /* NSObject */ = {
			isa = PBXGroup;
			children = (
				D8B4290A1D0713F1008BF955 /* NSObject+MethodDump.h */,
				D8B4290B1D0713F1008BF955 /* NSObject+MethodDump.m */,
			);
			path = NSObject;
			sourceTree = "<group>";
		};
		D8B429121D071846008BF955 /* Utils */ = {
			isa = PBXGroup;
			children = (
				D8B429141D071969008BF955 /* KGConstants.h */,
				D8B429151D071969008BF955 /* KGConstants.m */,
			);
			path = Utils;
			sourceTree = "<group>";
		};
		D8B429171D07330D008BF955 /* Session */ = {
			isa = PBXGroup;
			children = (
				D8B428F81D06E09F008BF955 /* KGBusinessLogic+Session.h */,
				D8B428F91D06E09F008BF955 /* KGBusinessLogic+Session.m */,
			);
			path = Session;
			sourceTree = "<group>";
		};
/* End PBXGroup section */

/* Begin PBXNativeTarget section */
		D696F7701D060FDD008341AF /* Mattermost */ = {
			isa = PBXNativeTarget;
			buildConfigurationList = D696F78B1D060FDD008341AF /* Build configuration list for PBXNativeTarget "Mattermost" */;
			buildPhases = (
				60473A4FCBD49FB229750F91 /* Check Pods Manifest.lock */,
				D696F78E1D06107D008341AF /* ShellScript */,
				D696F76D1D060FDD008341AF /* Sources */,
				D696F76E1D060FDD008341AF /* Frameworks */,
				D696F76F1D060FDD008341AF /* Resources */,
				49D577B336C5381128546E9E /* Copy Pods Resources */,
			);
			buildRules = (
			);
			dependencies = (
			);
			name = Mattermost;
			productName = Mattermost;
			productReference = D696F7711D060FDD008341AF /* Mattermost.app */;
			productType = "com.apple.product-type.application";
		};
/* End PBXNativeTarget section */

/* Begin PBXProject section */
		D696F7691D060FDD008341AF /* Project object */ = {
			isa = PBXProject;
			attributes = {
				LastUpgradeCheck = 0730;
				ORGANIZATIONNAME = Kilograpp;
				TargetAttributes = {
					D696F7701D060FDD008341AF = {
						CreatedOnToolsVersion = 7.3.1;
						DevelopmentTeam = UPSRUYXAMU;
					};
				};
			};
			buildConfigurationList = D696F76C1D060FDD008341AF /* Build configuration list for PBXProject "Mattermost" */;
			compatibilityVersion = "Xcode 3.2";
			developmentRegion = English;
			hasScannedForEncodings = 0;
			knownRegions = (
				en,
				Base,
			);
			mainGroup = D696F7681D060FDD008341AF;
			productRefGroup = D696F7721D060FDD008341AF /* Products */;
			projectDirPath = "";
			projectRoot = "";
			targets = (
				D696F7701D060FDD008341AF /* Mattermost */,
			);
		};
/* End PBXProject section */

/* Begin PBXResourcesBuildPhase section */
		D696F76F1D060FDD008341AF /* Resources */ = {
			isa = PBXResourcesBuildPhase;
			buildActionMask = 2147483647;
			files = (
				D6FFFA971D074C33009B6199 /* Info.plist in Resources */,
				D6FFFA931D0746EF009B6199 /* OpenSans-Light.ttf in Resources */,
				D6FFFA681D073553009B6199 /* Login.storyboard in Resources */,
				D696F7871D060FDD008341AF /* LaunchScreen.storyboard in Resources */,
				D6C154C11D074E4400B053CE /* OpenSans-Semibold.ttf in Resources */,
				D6FFFA941D0746F3009B6199 /* OpenSans-Regular.ttf in Resources */,
				D6FFFA911D074665009B6199 /* OpenSans-Bold.ttf in Resources */,
				D696F7841D060FDD008341AF /* Assets.xcassets in Resources */,
			);
			runOnlyForDeploymentPostprocessing = 0;
		};
/* End PBXResourcesBuildPhase section */

/* Begin PBXShellScriptBuildPhase section */
		49D577B336C5381128546E9E /* Copy Pods Resources */ = {
			isa = PBXShellScriptBuildPhase;
			buildActionMask = 2147483647;
			files = (
			);
			inputPaths = (
			);
			name = "Copy Pods Resources";
			outputPaths = (
			);
			runOnlyForDeploymentPostprocessing = 0;
			shellPath = /bin/sh;
			shellScript = "\"${SRCROOT}/Pods/Target Support Files/Pods-Mattermost/Pods-Mattermost-resources.sh\"\n";
			showEnvVarsInLog = 0;
		};
		60473A4FCBD49FB229750F91 /* Check Pods Manifest.lock */ = {
			isa = PBXShellScriptBuildPhase;
			buildActionMask = 2147483647;
			files = (
			);
			inputPaths = (
			);
			name = "Check Pods Manifest.lock";
			outputPaths = (
			);
			runOnlyForDeploymentPostprocessing = 0;
			shellPath = /bin/sh;
			shellScript = "diff \"${PODS_ROOT}/../Podfile.lock\" \"${PODS_ROOT}/Manifest.lock\" > /dev/null\nif [[ $? != 0 ]] ; then\n    cat << EOM\nerror: The sandbox is not in sync with the Podfile.lock. Run 'pod install' or update your CocoaPods installation.\nEOM\n    exit 1\nfi\n";
			showEnvVarsInLog = 0;
		};
		D696F78E1D06107D008341AF /* ShellScript */ = {
			isa = PBXShellScriptBuildPhase;
			buildActionMask = 2147483647;
			files = (
			);
			inputPaths = (
			);
			outputPaths = (
			);
			runOnlyForDeploymentPostprocessing = 0;
			shellPath = /bin/sh;
			shellScript = "MODEL_PATH=\"$PROJECT_DIR/$PROJECT_NAME/Model/$PROJECT_NAME.xcdatamodeld\"\nHUMAN_DIR=\"$PROJECT_DIR/$PROJECT_NAME/Model/Human\"\nMACHINE_DIR=\"$PROJECT_DIR/$PROJECT_NAME/Model/Machine\"\n/usr/local/bin/mogenerator --v2 --model $MODEL_PATH --human-dir $HUMAN_DIR --machine-dir $MACHINE_DIR --base-class KGManagedObject";
		};
/* End PBXShellScriptBuildPhase section */

/* Begin PBXSourcesBuildPhase section */
		D696F76D1D060FDD008341AF /* Sources */ = {
			isa = PBXSourcesBuildPhase;
			buildActionMask = 2147483647;
			files = (
				D8B428F01D06DFE6008BF955 /* KGTeam.m in Sources */,
				D6FFFA7D1D073FB8009B6199 /* KGServerUrlViewController.m in Sources */,
				D696F7A51D0615D5008341AF /* KGError.m in Sources */,
				D8B429161D071969008BF955 /* KGConstants.m in Sources */,
				D6FFFA771D073F40009B6199 /* KGViewController.m in Sources */,
				D696F7791D060FDD008341AF /* KGAppDelegate.m in Sources */,
				D8B428F61D06DFED008BF955 /* _KGTeam.m in Sources */,
				D8B429041D0712B5008BF955 /* RKResponseDescriptor+Runtime.m in Sources */,
				D6FFFA711D0738AB009B6199 /* UIFont+KGPreparedFont.m in Sources */,
				D696F7A11D0614EF008341AF /* KGManagedObject.m in Sources */,
				D696F7951D0612E4008341AF /* KGCurrency.m in Sources */,
				D696F7761D060FDD008341AF /* main.m in Sources */,
				D8B428FA1D06E09F008BF955 /* KGBusinessLogic+Session.m in Sources */,
				D8B428F71D06DFED008BF955 /* _KGUser.m in Sources */,
				D696F79C1D061331008341AF /* KGBusinessLogic.m in Sources */,
				D6FFFA8C1D074167009B6199 /* KGButton.m in Sources */,
				D696F7981D0612F2008341AF /* _KGCurrency.m in Sources */,
				D8B428F11D06DFE6008BF955 /* KGUser.m in Sources */,
				D6FFFA841D074024009B6199 /* KGNavigationController.m in Sources */,
				D8B429001D07030D008BF955 /* _KGBaseEntity.m in Sources */,
				D6FFFA901D074458009B6199 /* UIColor+KGPreparedColor.m in Sources */,
				D696F7821D060FDD008341AF /* Mattermost.xcdatamodeld in Sources */,
				D6FFFA881D074046009B6199 /* KGLoginNavigationController.m in Sources */,
				D8B429101D071776008BF955 /* RKRequestDescriptor+Runtime.m in Sources */,
				9B822F7AAD38800C5E462DE5 /* NSError+KGError.m in Sources */,
				D8B4290C1D0713F1008BF955 /* NSObject+MethodDump.m in Sources */,
				D6FFFA801D073FC5009B6199 /* KGLoginViewController.m in Sources */,
			);
			runOnlyForDeploymentPostprocessing = 0;
		};
/* End PBXSourcesBuildPhase section */

/* Begin PBXVariantGroup section */
		D696F7851D060FDD008341AF /* LaunchScreen.storyboard */ = {
			isa = PBXVariantGroup;
			children = (
				D696F7861D060FDD008341AF /* Base */,
			);
			name = LaunchScreen.storyboard;
			path = .;
			sourceTree = "<group>";
		};
/* End PBXVariantGroup section */

/* Begin XCBuildConfiguration section */
		D696F7891D060FDD008341AF /* Debug */ = {
			isa = XCBuildConfiguration;
			buildSettings = {
				ALWAYS_SEARCH_USER_PATHS = NO;
				CLANG_ANALYZER_NONNULL = YES;
				CLANG_CXX_LANGUAGE_STANDARD = "gnu++0x";
				CLANG_CXX_LIBRARY = "libc++";
				CLANG_ENABLE_MODULES = YES;
				CLANG_ENABLE_OBJC_ARC = YES;
				CLANG_WARN_BOOL_CONVERSION = YES;
				CLANG_WARN_CONSTANT_CONVERSION = YES;
				CLANG_WARN_DIRECT_OBJC_ISA_USAGE = YES_ERROR;
				CLANG_WARN_EMPTY_BODY = YES;
				CLANG_WARN_ENUM_CONVERSION = YES;
				CLANG_WARN_INT_CONVERSION = YES;
				CLANG_WARN_OBJC_ROOT_CLASS = YES_ERROR;
				CLANG_WARN_UNREACHABLE_CODE = YES;
				CLANG_WARN__DUPLICATE_METHOD_MATCH = YES;
				"CODE_SIGN_IDENTITY[sdk=iphoneos*]" = "iPhone Developer: Maxim Gubin (26358JFF57)";
				COPY_PHASE_STRIP = NO;
				DEBUG_INFORMATION_FORMAT = dwarf;
				ENABLE_STRICT_OBJC_MSGSEND = YES;
				ENABLE_TESTABILITY = YES;
				GCC_C_LANGUAGE_STANDARD = gnu99;
				GCC_DYNAMIC_NO_PIC = NO;
				GCC_NO_COMMON_BLOCKS = YES;
				GCC_OPTIMIZATION_LEVEL = 0;
				GCC_PREPROCESSOR_DEFINITIONS = (
					"DEBUG=1",
					"$(inherited)",
				);
				GCC_WARN_64_TO_32_BIT_CONVERSION = YES;
				GCC_WARN_ABOUT_RETURN_TYPE = YES_ERROR;
				GCC_WARN_UNDECLARED_SELECTOR = YES;
				GCC_WARN_UNINITIALIZED_AUTOS = YES_AGGRESSIVE;
				GCC_WARN_UNUSED_FUNCTION = YES;
				GCC_WARN_UNUSED_VARIABLE = YES;
				IPHONEOS_DEPLOYMENT_TARGET = 9.3;
				MTL_ENABLE_DEBUG_INFO = YES;
				ONLY_ACTIVE_ARCH = YES;
				SDKROOT = iphoneos;
			};
			name = Debug;
		};
		D696F78A1D060FDD008341AF /* Release */ = {
			isa = XCBuildConfiguration;
			buildSettings = {
				ALWAYS_SEARCH_USER_PATHS = NO;
				CLANG_ANALYZER_NONNULL = YES;
				CLANG_CXX_LANGUAGE_STANDARD = "gnu++0x";
				CLANG_CXX_LIBRARY = "libc++";
				CLANG_ENABLE_MODULES = YES;
				CLANG_ENABLE_OBJC_ARC = YES;
				CLANG_WARN_BOOL_CONVERSION = YES;
				CLANG_WARN_CONSTANT_CONVERSION = YES;
				CLANG_WARN_DIRECT_OBJC_ISA_USAGE = YES_ERROR;
				CLANG_WARN_EMPTY_BODY = YES;
				CLANG_WARN_ENUM_CONVERSION = YES;
				CLANG_WARN_INT_CONVERSION = YES;
				CLANG_WARN_OBJC_ROOT_CLASS = YES_ERROR;
				CLANG_WARN_UNREACHABLE_CODE = YES;
				CLANG_WARN__DUPLICATE_METHOD_MATCH = YES;
				"CODE_SIGN_IDENTITY[sdk=iphoneos*]" = "iPhone Developer: Maxim Gubin (26358JFF57)";
				COPY_PHASE_STRIP = NO;
				DEBUG_INFORMATION_FORMAT = "dwarf-with-dsym";
				ENABLE_NS_ASSERTIONS = NO;
				ENABLE_STRICT_OBJC_MSGSEND = YES;
				GCC_C_LANGUAGE_STANDARD = gnu99;
				GCC_NO_COMMON_BLOCKS = YES;
				GCC_WARN_64_TO_32_BIT_CONVERSION = YES;
				GCC_WARN_ABOUT_RETURN_TYPE = YES_ERROR;
				GCC_WARN_UNDECLARED_SELECTOR = YES;
				GCC_WARN_UNINITIALIZED_AUTOS = YES_AGGRESSIVE;
				GCC_WARN_UNUSED_FUNCTION = YES;
				GCC_WARN_UNUSED_VARIABLE = YES;
				IPHONEOS_DEPLOYMENT_TARGET = 9.3;
				MTL_ENABLE_DEBUG_INFO = NO;
				SDKROOT = iphoneos;
				VALIDATE_PRODUCT = YES;
			};
			name = Release;
		};
		D696F78C1D060FDD008341AF /* Debug */ = {
			isa = XCBuildConfiguration;
			baseConfigurationReference = 2C24A40AEDEF9607FD9E5FA2 /* Pods-Mattermost.debug.xcconfig */;
			buildSettings = {
				ASSETCATALOG_COMPILER_APPICON_NAME = AppIcon;
				INFOPLIST_FILE = Mattermost/Resources/Info.plist;
				IPHONEOS_DEPLOYMENT_TARGET = 8.1;
				LD_RUNPATH_SEARCH_PATHS = "$(inherited) @executable_path/Frameworks";
				PRODUCT_BUNDLE_IDENTIFIER = kilograpp.Mattermost;
				PRODUCT_NAME = "$(TARGET_NAME)";
			};
			name = Debug;
		};
		D696F78D1D060FDD008341AF /* Release */ = {
			isa = XCBuildConfiguration;
			baseConfigurationReference = 544CBF06C8ECB7748DDA6E2B /* Pods-Mattermost.release.xcconfig */;
			buildSettings = {
				ASSETCATALOG_COMPILER_APPICON_NAME = AppIcon;
				INFOPLIST_FILE = Mattermost/Resources/Info.plist;
				IPHONEOS_DEPLOYMENT_TARGET = 8.1;
				LD_RUNPATH_SEARCH_PATHS = "$(inherited) @executable_path/Frameworks";
				PRODUCT_BUNDLE_IDENTIFIER = kilograpp.Mattermost;
				PRODUCT_NAME = "$(TARGET_NAME)";
			};
			name = Release;
		};
/* End XCBuildConfiguration section */

/* Begin XCConfigurationList section */
		D696F76C1D060FDD008341AF /* Build configuration list for PBXProject "Mattermost" */ = {
			isa = XCConfigurationList;
			buildConfigurations = (
				D696F7891D060FDD008341AF /* Debug */,
				D696F78A1D060FDD008341AF /* Release */,
			);
			defaultConfigurationIsVisible = 0;
			defaultConfigurationName = Release;
		};
		D696F78B1D060FDD008341AF /* Build configuration list for PBXNativeTarget "Mattermost" */ = {
			isa = XCConfigurationList;
			buildConfigurations = (
				D696F78C1D060FDD008341AF /* Debug */,
				D696F78D1D060FDD008341AF /* Release */,
			);
			defaultConfigurationIsVisible = 0;
			defaultConfigurationName = Release;
		};
/* End XCConfigurationList section */

/* Begin XCVersionGroup section */
		D696F7801D060FDD008341AF /* Mattermost.xcdatamodeld */ = {
			isa = XCVersionGroup;
			children = (
				D696F7811D060FDD008341AF /* Mattermost.xcdatamodel */,
			);
			currentVersion = D696F7811D060FDD008341AF /* Mattermost.xcdatamodel */;
			path = Mattermost.xcdatamodeld;
			sourceTree = "<group>";
			versionGroupType = wrapper.xcdatamodel;
		};
/* End XCVersionGroup section */
	};
	rootObject = D696F7691D060FDD008341AF /* Project object */;
}
